
Microsoft Visual Studio Solution File, Format Version 12.00
# Visual Studio Version 16
VisualStudioVersion = 16.0.32106.194
MinimumVisualStudioVersion = 10.0.40219.1
Project("{FAE04EC0-301F-11D3-BF4B-00C04F79EFBC}") = "CloudManager", "CloudManager.csproj", "{4F0879AD-EE40-43F9-A272-EDE96E340B6F}"
EndProject
Global
	GlobalSection(SolutionConfigurationPlatforms) = preSolution
		Debug|Any CPU = Debug|Any CPU
		Release|Any CPU = Release|Any CPU
	EndGlobalSection
	GlobalSection(ProjectConfigurationPlatforms) = postSolution
		{4F0879AD-EE40-43F9-A272-EDE96E340B6F}.Debug|Any CPU.ActiveCfg = Debug|Any CPU
		{4F0879AD-EE40-43F9-A272-EDE96E340B6F}.Debug|Any CPU.Build.0 = Debug|Any CPU
		{4F0879AD-EE40-43F9-A272-EDE96E340B6F}.Release|Any CPU.ActiveCfg = Release|Any CPU
		{4F0879AD-EE40-43F9-A272-EDE96E340B6F}.Release|Any CPU.Build.0 = Release|Any CPU
	EndGlobalSection
	GlobalSection(SolutionProperties) = preSolution
		HideSolutionNode = FALSE
	EndGlobalSection
	GlobalSection(ExtensibilityGlobals) = postSolution
		SolutionGuid = {164A6D26-15EA-4CBA-8C8A-A29F884C02A0}
	EndGlobalSection
EndGlobal
